
Microsoft Visual Studio Solution File, Format Version 11.00
# Visual Studio 2010
Project("{8BC9CEB8-8B4A-11D0-8D11-00A0C91BC942}") = "MpqCL", "MpqCL\MpqCL.vcxproj", "{10A17EB9-4819-4072-A759-CE516D9CB942}"
EndProject
Global
	GlobalSection(SolutionConfigurationPlatforms) = preSolution
		Debug|Win32 = Debug|Win32
		Release|Win32 = Release|Win32
	EndGlobalSection
	GlobalSection(ProjectConfigurationPlatforms) = postSolution
		{10A17EB9-4819-4072-A759-CE516D9CB942}.Debug|Win32.ActiveCfg = Debug|Win32
		{10A17EB9-4819-4072-A759-CE516D9CB942}.Debug|Win32.Build.0 = Debug|Win32
		{10A17EB9-4819-4072-A759-CE516D9CB942}.Release|Win32.ActiveCfg = Release|Win32
		{10A17EB9-4819-4072-A759-CE516D9CB942}.Release|Win32.Build.0 = Release|Win32
	EndGlobalSection
	GlobalSection(SolutionProperties) = preSolution
		HideSolutionNode = FALSE
	EndGlobalSection
EndGlobal
